
Microsoft Visual Studio Solution File, Format Version 12.00
# Visual Studio Version 17
VisualStudioVersion = 17.4.33122.133
MinimumVisualStudioVersion = 10.0.40219.1
Project("{8BC9CEB8-8B4A-11D0-8D11-00A0C91BC942}") = "pinkie-pie", "pinkie-pie.vcxproj", "{1EF76E31-AC21-425A-981C-22FD4251F3CB}"
EndProject
Global
	GlobalSection(SolutionConfigurationPlatforms) = preSolution
		Debug|x64 = Debug|x64
		Debug|x86 = Debug|x86
		Release|x64 = Release|x64
		Release|x86 = Release|x86
	EndGlobalSection
	GlobalSection(ProjectConfigurationPlatforms) = postSolution
		{1EF76E31-AC21-425A-981C-22FD4251F3CB}.Debug|x64.ActiveCfg = Debug|x64
		{1EF76E31-AC21-425A-981C-22FD4251F3CB}.Debug|x64.Build.0 = Debug|x64
		{1EF76E31-AC21-425A-981C-22FD4251F3CB}.Debug|x86.ActiveCfg = Debug|Win32
		{1EF76E31-AC21-425A-981C-22FD4251F3CB}.Debug|x86.Build.0 = Debug|Win32
		{1EF76E31-AC21-425A-981C-22FD4251F3CB}.Release|x64.ActiveCfg = Release|x64
		{1EF76E31-AC21-425A-981C-22FD4251F3CB}.Release|x64.Build.0 = Release|x64
		{1EF76E31-AC21-425A-981C-22FD4251F3CB}.Release|x86.ActiveCfg = Release|Win32
		{1EF76E31-AC21-425A-981C-22FD4251F3CB}.Release|x86.Build.0 = Release|Win32
	EndGlobalSection
	GlobalSection(SolutionProperties) = preSolution
		HideSolutionNode = FALSE
	EndGlobalSection
	GlobalSection(ExtensibilityGlobals) = postSolution
		SolutionGuid = {F00481F2-64C5-4920-84B6-409F8566409B}
	EndGlobalSection
EndGlobal
